
Microsoft Visual Studio Solution File, Format Version 12.00
# Visual Studio 15
VisualStudioVersion = 15.0.27130.2024
MinimumVisualStudioVersion = 10.0.40219.1
Project("{9A19103F-16F7-4668-BE54-9A1E7A4F7556}") = "Genode.Audio", "Source\Genode.Audio\Genode.Audio.csproj", "{C0A04657-C42A-4F54-89FE-233A858572C3}"
EndProject
Project("{9A19103F-16F7-4668-BE54-9A1E7A4F7556}") = "Example", "Source\Example\Example.csproj", "{C44481FE-CF3A-4459-9313-8D4D1A660272}"
EndProject
Project("{2150E333-8FDC-42A3-9474-1A3956D46DE8}") = "Config", "Config", "{B6308C8D-4568-4214-913B-B70942C0095E}"
	ProjectSection(SolutionItems) = preProject
		Directory.Build.props = Directory.Build.props
		nuget.config = nuget.config
	EndProjectSection
EndProject

Global
	GlobalSection(SolutionConfigurationPlatforms) = preSolution
		Debug|x64 = Debug|x64
		Debug|x86 = Debug|x86
		Release|x64 = Release|x64
		Release|x86 = Release|x86
	EndGlobalSection
	GlobalSection(ProjectConfigurationPlatforms) = postSolution
		{C0A04657-C42A-4F54-89FE-233A858572C3}.Debug|x64.ActiveCfg = Debug|x64
		{C0A04657-C42A-4F54-89FE-233A858572C3}.Debug|x64.Build.0 = Debug|x64
		{C0A04657-C42A-4F54-89FE-233A858572C3}.Debug|x86.ActiveCfg = Debug|x86
		{C0A04657-C42A-4F54-89FE-233A858572C3}.Debug|x86.Build.0 = Debug|x86
		{C0A04657-C42A-4F54-89FE-233A858572C3}.Release|x64.ActiveCfg = Release|x64
		{C0A04657-C42A-4F54-89FE-233A858572C3}.Release|x64.Build.0 = Release|x64
		{C0A04657-C42A-4F54-89FE-233A858572C3}.Release|x86.ActiveCfg = Release|x86
		{C0A04657-C42A-4F54-89FE-233A858572C3}.Release|x86.Build.0 = Release|x86
		{C44481FE-CF3A-4459-9313-8D4D1A660272}.Debug|x64.ActiveCfg = Debug|x64
		{C44481FE-CF3A-4459-9313-8D4D1A660272}.Debug|x64.Build.0 = Debug|x64
		{C44481FE-CF3A-4459-9313-8D4D1A660272}.Debug|x86.ActiveCfg = Debug|x86
		{C44481FE-CF3A-4459-9313-8D4D1A660272}.Debug|x86.Build.0 = Debug|x86
		{C44481FE-CF3A-4459-9313-8D4D1A660272}.Release|x64.ActiveCfg = Release|x64
		{C44481FE-CF3A-4459-9313-8D4D1A660272}.Release|x64.Build.0 = Release|x64
		{C44481FE-CF3A-4459-9313-8D4D1A660272}.Release|x86.ActiveCfg = Release|x86
		{C44481FE-CF3A-4459-9313-8D4D1A660272}.Release|x86.Build.0 = Release|x86
	EndGlobalSection
	GlobalSection(SolutionProperties) = preSolution
		HideSolutionNode = FALSE
	EndGlobalSection
	GlobalSection(ExtensibilityGlobals) = postSolution
		SolutionGuid = {031AD692-A752-45C2-ADAA-8E77C0970A6D}
	EndGlobalSection
EndGlobal
