
Microsoft Visual Studio Solution File, Format Version 12.00
# Visual Studio 15
VisualStudioVersion = 15.0.26430.12
MinimumVisualStudioVersion = 10.0.40219.1
Project("{FAE04EC0-301F-11D3-BF4B-00C04F79EFBC}") = "Cgen.Audio", "Cgen.Audio\Cgen.Audio.csproj", "{8C316A4E-1ED9-4538-8561-E0F325A32F94}"
EndProject
Project("{2150E333-8FDC-42A3-9474-1A3956D46DE8}") = ".nuget", ".nuget", "{B6308C8D-4568-4214-913B-B70942C0095E}"
	ProjectSection(SolutionItems) = preProject
		.nuget\NuGet.Config = .nuget\NuGet.Config
	EndProjectSection
EndProject
Project("{FAE04EC0-301F-11D3-BF4B-00C04F79EFBC}") = "Example", "Example\Example.csproj", "{54D2A85E-8635-474D-801F-A59030B513FD}"
EndProject
Global
	GlobalSection(SolutionConfigurationPlatforms) = preSolution
		Debug|x64 = Debug|x64
		Debug|x86 = Debug|x86
		Release|x64 = Release|x64
		Release|x86 = Release|x86
	EndGlobalSection
	GlobalSection(ProjectConfigurationPlatforms) = postSolution
		{8C316A4E-1ED9-4538-8561-E0F325A32F94}.Debug|x64.ActiveCfg = Debug|x64
		{8C316A4E-1ED9-4538-8561-E0F325A32F94}.Debug|x64.Build.0 = Debug|x64
		{8C316A4E-1ED9-4538-8561-E0F325A32F94}.Debug|x86.ActiveCfg = Debug|x86
		{8C316A4E-1ED9-4538-8561-E0F325A32F94}.Debug|x86.Build.0 = Debug|x86
		{8C316A4E-1ED9-4538-8561-E0F325A32F94}.Release|x64.ActiveCfg = Release|x64
		{8C316A4E-1ED9-4538-8561-E0F325A32F94}.Release|x64.Build.0 = Release|x64
		{8C316A4E-1ED9-4538-8561-E0F325A32F94}.Release|x86.ActiveCfg = Release|x86
		{8C316A4E-1ED9-4538-8561-E0F325A32F94}.Release|x86.Build.0 = Release|x86
		{54D2A85E-8635-474D-801F-A59030B513FD}.Debug|x64.ActiveCfg = Debug|x64
		{54D2A85E-8635-474D-801F-A59030B513FD}.Debug|x64.Build.0 = Debug|x64
		{54D2A85E-8635-474D-801F-A59030B513FD}.Debug|x86.ActiveCfg = Debug|x86
		{54D2A85E-8635-474D-801F-A59030B513FD}.Debug|x86.Build.0 = Debug|x86
		{54D2A85E-8635-474D-801F-A59030B513FD}.Release|x64.ActiveCfg = Release|x64
		{54D2A85E-8635-474D-801F-A59030B513FD}.Release|x64.Build.0 = Release|x64
		{54D2A85E-8635-474D-801F-A59030B513FD}.Release|x86.ActiveCfg = Release|x86
		{54D2A85E-8635-474D-801F-A59030B513FD}.Release|x86.Build.0 = Release|x86
	EndGlobalSection
	GlobalSection(SolutionProperties) = preSolution
		HideSolutionNode = FALSE
	EndGlobalSection
EndGlobal
